
Microsoft Visual Studio Solution File, Format Version 12.00
# Visual Studio Version 16
VisualStudioVersion = 16.0.28729.10
MinimumVisualStudioVersion = 10.0.40219.1
Project("{FAE04EC0-301F-11D3-BF4B-00C04F79EFBC}") = "visio2.Android", "visio2\visio2.Android\visio2.Android.csproj", "{F56237BD-7761-443A-B892-6F9B2C56CD67}"
EndProject
Project("{FAE04EC0-301F-11D3-BF4B-00C04F79EFBC}") = "visio2.iOS", "visio2\visio2.iOS\visio2.iOS.csproj", "{B3C7C9E7-E367-4186-85CE-DC114B81B444}"
EndProject
Project("{FAE04EC0-301F-11D3-BF4B-00C04F79EFBC}") = "visio2", "visio2\visio2\visio2.csproj", "{E51D0B2A-5F05-4EB0-8248-804FC1391B69}"
EndProject
Global
	GlobalSection(SolutionConfigurationPlatforms) = preSolution
		Debug|Any CPU = Debug|Any CPU
		Debug|iPhone = Debug|iPhone
		Debug|iPhoneSimulator = Debug|iPhoneSimulator
		Release|Any CPU = Release|Any CPU
		Release|iPhone = Release|iPhone
		Release|iPhoneSimulator = Release|iPhoneSimulator
	EndGlobalSection
	GlobalSection(ProjectConfigurationPlatforms) = postSolution
		{F56237BD-7761-443A-B892-6F9B2C56CD67}.Debug|Any CPU.ActiveCfg = Debug|Any CPU
		{F56237BD-7761-443A-B892-6F9B2C56CD67}.Debug|Any CPU.Build.0 = Debug|Any CPU
		{F56237BD-7761-443A-B892-6F9B2C56CD67}.Debug|Any CPU.Deploy.0 = Debug|Any CPU
		{F56237BD-7761-443A-B892-6F9B2C56CD67}.Debug|iPhone.ActiveCfg = Debug|Any CPU
		{F56237BD-7761-443A-B892-6F9B2C56CD67}.Debug|iPhone.Build.0 = Debug|Any CPU
		{F56237BD-7761-443A-B892-6F9B2C56CD67}.Debug|iPhone.Deploy.0 = Debug|Any CPU
		{F56237BD-7761-443A-B892-6F9B2C56CD67}.Debug|iPhoneSimulator.ActiveCfg = Debug|Any CPU
		{F56237BD-7761-443A-B892-6F9B2C56CD67}.Debug|iPhoneSimulator.Build.0 = Debug|Any CPU
		{F56237BD-7761-443A-B892-6F9B2C56CD67}.Debug|iPhoneSimulator.Deploy.0 = Debug|Any CPU
		{F56237BD-7761-443A-B892-6F9B2C56CD67}.Release|Any CPU.ActiveCfg = Release|Any CPU
		{F56237BD-7761-443A-B892-6F9B2C56CD67}.Release|Any CPU.Build.0 = Release|Any CPU
		{F56237BD-7761-443A-B892-6F9B2C56CD67}.Release|Any CPU.Deploy.0 = Release|Any CPU
		{F56237BD-7761-443A-B892-6F9B2C56CD67}.Release|iPhone.ActiveCfg = Release|Any CPU
		{F56237BD-7761-443A-B892-6F9B2C56CD67}.Release|iPhone.Build.0 = Release|Any CPU
		{F56237BD-7761-443A-B892-6F9B2C56CD67}.Release|iPhone.Deploy.0 = Release|Any CPU
		{F56237BD-7761-443A-B892-6F9B2C56CD67}.Release|iPhoneSimulator.ActiveCfg = Release|Any CPU
		{F56237BD-7761-443A-B892-6F9B2C56CD67}.Release|iPhoneSimulator.Build.0 = Release|Any CPU
		{F56237BD-7761-443A-B892-6F9B2C56CD67}.Release|iPhoneSimulator.Deploy.0 = Release|Any CPU
		{B3C7C9E7-E367-4186-85CE-DC114B81B444}.Debug|Any CPU.ActiveCfg = Debug|iPhoneSimulator
		{B3C7C9E7-E367-4186-85CE-DC114B81B444}.Debug|Any CPU.Build.0 = Debug|iPhoneSimulator
		{B3C7C9E7-E367-4186-85CE-DC114B81B444}.Debug|Any CPU.Deploy.0 = Debug|iPhoneSimulator
		{B3C7C9E7-E367-4186-85CE-DC114B81B444}.Debug|iPhone.ActiveCfg = Debug|iPhone
		{B3C7C9E7-E367-4186-85CE-DC114B81B444}.Debug|iPhone.Build.0 = Debug|iPhone
		{B3C7C9E7-E367-4186-85CE-DC114B81B444}.Debug|iPhone.Deploy.0 = Debug|iPhone
		{B3C7C9E7-E367-4186-85CE-DC114B81B444}.Debug|iPhoneSimulator.ActiveCfg = Debug|iPhoneSimulator
		{B3C7C9E7-E367-4186-85CE-DC114B81B444}.Debug|iPhoneSimulator.Build.0 = Debug|iPhoneSimulator
		{B3C7C9E7-E367-4186-85CE-DC114B81B444}.Debug|iPhoneSimulator.Deploy.0 = Debug|iPhoneSimulator
		{B3C7C9E7-E367-4186-85CE-DC114B81B444}.Release|Any CPU.ActiveCfg = Release|iPhone
		{B3C7C9E7-E367-4186-85CE-DC114B81B444}.Release|Any CPU.Build.0 = Release|iPhone
		{B3C7C9E7-E367-4186-85CE-DC114B81B444}.Release|Any CPU.Deploy.0 = Release|iPhone
		{B3C7C9E7-E367-4186-85CE-DC114B81B444}.Release|iPhone.ActiveCfg = Release|iPhone
		{B3C7C9E7-E367-4186-85CE-DC114B81B444}.Release|iPhone.Build.0 = Release|iPhone
		{B3C7C9E7-E367-4186-85CE-DC114B81B444}.Release|iPhone.Deploy.0 = Release|iPhone
		{B3C7C9E7-E367-4186-85CE-DC114B81B444}.Release|iPhoneSimulator.ActiveCfg = Release|iPhoneSimulator
		{B3C7C9E7-E367-4186-85CE-DC114B81B444}.Release|iPhoneSimulator.Build.0 = Release|iPhoneSimulator
		{B3C7C9E7-E367-4186-85CE-DC114B81B444}.Release|iPhoneSimulator.Deploy.0 = Release|iPhoneSimulator
		{E51D0B2A-5F05-4EB0-8248-804FC1391B69}.Debug|Any CPU.ActiveCfg = Debug|Any CPU
		{E51D0B2A-5F05-4EB0-8248-804FC1391B69}.Debug|Any CPU.Build.0 = Debug|Any CPU
		{E51D0B2A-5F05-4EB0-8248-804FC1391B69}.Debug|Any CPU.Deploy.0 = Debug|Any CPU
		{E51D0B2A-5F05-4EB0-8248-804FC1391B69}.Debug|iPhone.ActiveCfg = Debug|Any CPU
		{E51D0B2A-5F05-4EB0-8248-804FC1391B69}.Debug|iPhone.Build.0 = Debug|Any CPU
		{E51D0B2A-5F05-4EB0-8248-804FC1391B69}.Debug|iPhone.Deploy.0 = Debug|Any CPU
		{E51D0B2A-5F05-4EB0-8248-804FC1391B69}.Debug|iPhoneSimulator.ActiveCfg = Debug|Any CPU
		{E51D0B2A-5F05-4EB0-8248-804FC1391B69}.Debug|iPhoneSimulator.Build.0 = Debug|Any CPU
		{E51D0B2A-5F05-4EB0-8248-804FC1391B69}.Debug|iPhoneSimulator.Deploy.0 = Debug|Any CPU
		{E51D0B2A-5F05-4EB0-8248-804FC1391B69}.Release|Any CPU.ActiveCfg = Release|Any CPU
		{E51D0B2A-5F05-4EB0-8248-804FC1391B69}.Release|Any CPU.Build.0 = Release|Any CPU
		{E51D0B2A-5F05-4EB0-8248-804FC1391B69}.Release|Any CPU.Deploy.0 = Release|Any CPU
		{E51D0B2A-5F05-4EB0-8248-804FC1391B69}.Release|iPhone.ActiveCfg = Release|Any CPU
		{E51D0B2A-5F05-4EB0-8248-804FC1391B69}.Release|iPhone.Build.0 = Release|Any CPU
		{E51D0B2A-5F05-4EB0-8248-804FC1391B69}.Release|iPhone.Deploy.0 = Release|Any CPU
		{E51D0B2A-5F05-4EB0-8248-804FC1391B69}.Release|iPhoneSimulator.ActiveCfg = Release|Any CPU
		{E51D0B2A-5F05-4EB0-8248-804FC1391B69}.Release|iPhoneSimulator.Build.0 = Release|Any CPU
		{E51D0B2A-5F05-4EB0-8248-804FC1391B69}.Release|iPhoneSimulator.Deploy.0 = Release|Any CPU
	EndGlobalSection
	GlobalSection(SolutionProperties) = preSolution
		HideSolutionNode = FALSE
	EndGlobalSection
	GlobalSection(ExtensibilityGlobals) = postSolution
		SolutionGuid = {9E876B51-B8C3-4E8C-A032-D9D6858C2EBA}
	EndGlobalSection
EndGlobal
